
Microsoft Visual Studio Solution File, Format Version 12.00
# Visual Studio 14
VisualStudioVersion = 14.0.23107.0
MinimumVisualStudioVersion = 10.0.40219.1
Project("{FAE04EC0-301F-11D3-BF4B-00C04F79EFBC}") = "Framework", "Framework.csproj", "{E1AAB973-7D90-4937-AC38-3889BE0189AF}"
EndProject
Project("{FAE04EC0-301F-11D3-BF4B-00C04F79EFBC}") = "Framework.Test", "Test\Framework.Test.csproj", "{D2D695DA-E7BE-4558-88AD-9F59B5A0B2E3}"
EndProject
Global
	GlobalSection(SolutionConfigurationPlatforms) = preSolution
		Debug|Any CPU = Debug|Any CPU
		Release|Any CPU = Release|Any CPU
	EndGlobalSection
	GlobalSection(ProjectConfigurationPlatforms) = postSolution
		{E1AAB973-7D90-4937-AC38-3889BE0189AF}.Debug|Any CPU.ActiveCfg = Debug|Any CPU
		{E1AAB973-7D90-4937-AC38-3889BE0189AF}.Debug|Any CPU.Build.0 = Debug|Any CPU
		{E1AAB973-7D90-4937-AC38-3889BE0189AF}.Release|Any CPU.ActiveCfg = Release|Any CPU
		{E1AAB973-7D90-4937-AC38-3889BE0189AF}.Release|Any CPU.Build.0 = Release|Any CPU
		{D2D695DA-E7BE-4558-88AD-9F59B5A0B2E3}.Debug|Any CPU.ActiveCfg = Debug|Any CPU
		{D2D695DA-E7BE-4558-88AD-9F59B5A0B2E3}.Debug|Any CPU.Build.0 = Debug|Any CPU
		{D2D695DA-E7BE-4558-88AD-9F59B5A0B2E3}.Release|Any CPU.ActiveCfg = Release|Any CPU
		{D2D695DA-E7BE-4558-88AD-9F59B5A0B2E3}.Release|Any CPU.Build.0 = Release|Any CPU
	EndGlobalSection
	GlobalSection(SolutionProperties) = preSolution
		HideSolutionNode = FALSE
	EndGlobalSection
EndGlobal
